
Microsoft Visual Studio Solution File, Format Version 12.00
# Visual Studio Version 16
VisualStudioVersion = 16.0.31911.196
MinimumVisualStudioVersion = 10.0.40219.1
Project("{FAE04EC0-301F-11D3-BF4B-00C04F79EFBC}") = "MvcNetCoreEF2022", "MvcNetCoreEF2022\MvcNetCoreEF2022.csproj", "{7B2026CF-B2C7-4946-BD47-1F17DE5F8825}"
EndProject
Global
	GlobalSection(SolutionConfigurationPlatforms) = preSolution
		Debug|Any CPU = Debug|Any CPU
		Release|Any CPU = Release|Any CPU
	EndGlobalSection
	GlobalSection(ProjectConfigurationPlatforms) = postSolution
		{7B2026CF-B2C7-4946-BD47-1F17DE5F8825}.Debug|Any CPU.ActiveCfg = Debug|Any CPU
		{7B2026CF-B2C7-4946-BD47-1F17DE5F8825}.Debug|Any CPU.Build.0 = Debug|Any CPU
		{7B2026CF-B2C7-4946-BD47-1F17DE5F8825}.Release|Any CPU.ActiveCfg = Release|Any CPU
		{7B2026CF-B2C7-4946-BD47-1F17DE5F8825}.Release|Any CPU.Build.0 = Release|Any CPU
	EndGlobalSection
	GlobalSection(SolutionProperties) = preSolution
		HideSolutionNode = FALSE
	EndGlobalSection
	GlobalSection(ExtensibilityGlobals) = postSolution
		SolutionGuid = {6D4A7543-B423-4D3A-8A86-70A7497A544E}
	EndGlobalSection
EndGlobal
