
Microsoft Visual Studio Solution File, Format Version 12.00
# Visual Studio Version 16
VisualStudioVersion = 16.0.31911.196
MinimumVisualStudioVersion = 10.0.40219.1
Project("{FAE04EC0-301F-11D3-BF4B-00C04F79EFBC}") = "MvcNetCoreClienteWCF", "MvcNetCoreClienteWCF\MvcNetCoreClienteWCF.csproj", "{CEAC3287-8731-416D-AA09-EB6929334458}"
EndProject
Global
	GlobalSection(SolutionConfigurationPlatforms) = preSolution
		Debug|Any CPU = Debug|Any CPU
		Release|Any CPU = Release|Any CPU
	EndGlobalSection
	GlobalSection(ProjectConfigurationPlatforms) = postSolution
		{CEAC3287-8731-416D-AA09-EB6929334458}.Debug|Any CPU.ActiveCfg = Debug|Any CPU
		{CEAC3287-8731-416D-AA09-EB6929334458}.Debug|Any CPU.Build.0 = Debug|Any CPU
		{CEAC3287-8731-416D-AA09-EB6929334458}.Release|Any CPU.ActiveCfg = Release|Any CPU
		{CEAC3287-8731-416D-AA09-EB6929334458}.Release|Any CPU.Build.0 = Release|Any CPU
	EndGlobalSection
	GlobalSection(SolutionProperties) = preSolution
		HideSolutionNode = FALSE
	EndGlobalSection
	GlobalSection(ExtensibilityGlobals) = postSolution
		SolutionGuid = {6CDE9441-7012-42CC-83AF-2C2DAA5E8CA0}
	EndGlobalSection
EndGlobal
