
Microsoft Visual Studio Solution File, Format Version 12.00
# Visual Studio Version 16
VisualStudioVersion = 16.0.31911.196
MinimumVisualStudioVersion = 10.0.40219.1
Project("{FAE04EC0-301F-11D3-BF4B-00C04F79EFBC}") = "ProyectoAJAX", "ProyectoAJAX\ProyectoAJAX.csproj", "{D286E5C2-116B-488D-967E-7F65A2D1A923}"
EndProject
Global
	GlobalSection(SolutionConfigurationPlatforms) = preSolution
		Debug|Any CPU = Debug|Any CPU
		Release|Any CPU = Release|Any CPU
	EndGlobalSection
	GlobalSection(ProjectConfigurationPlatforms) = postSolution
		{D286E5C2-116B-488D-967E-7F65A2D1A923}.Debug|Any CPU.ActiveCfg = Debug|Any CPU
		{D286E5C2-116B-488D-967E-7F65A2D1A923}.Debug|Any CPU.Build.0 = Debug|Any CPU
		{D286E5C2-116B-488D-967E-7F65A2D1A923}.Release|Any CPU.ActiveCfg = Release|Any CPU
		{D286E5C2-116B-488D-967E-7F65A2D1A923}.Release|Any CPU.Build.0 = Release|Any CPU
	EndGlobalSection
	GlobalSection(SolutionProperties) = preSolution
		HideSolutionNode = FALSE
	EndGlobalSection
	GlobalSection(ExtensibilityGlobals) = postSolution
		SolutionGuid = {1AA8A4D9-BD5A-4425-905D-30D7608CD9DC}
	EndGlobalSection
EndGlobal
