
Microsoft Visual Studio Solution File, Format Version 12.00
# Visual Studio Version 16
VisualStudioVersion = 16.0.31321.278
MinimumVisualStudioVersion = 10.0.40219.1
Project("{FAE04EC0-301F-11D3-BF4B-00C04F79EFBC}") = "LogicaPrimerServicioWCF", "LogicaPrimerServicioWCF\LogicaPrimerServicioWCF.csproj", "{D0EF41DF-C696-4DC0-B235-43D9C4E2703B}"
EndProject
Project("{FAE04EC0-301F-11D3-BF4B-00C04F79EFBC}") = "HostPrimerServicioWCF", "HostPrimerServicioWCF\HostPrimerServicioWCF.csproj", "{79B7E01A-01E2-45C7-BB1D-B01FF758A05F}"
EndProject
Global
	GlobalSection(SolutionConfigurationPlatforms) = preSolution
		Debug|Any CPU = Debug|Any CPU
		Release|Any CPU = Release|Any CPU
	EndGlobalSection
	GlobalSection(ProjectConfigurationPlatforms) = postSolution
		{D0EF41DF-C696-4DC0-B235-43D9C4E2703B}.Debug|Any CPU.ActiveCfg = Debug|Any CPU
		{D0EF41DF-C696-4DC0-B235-43D9C4E2703B}.Debug|Any CPU.Build.0 = Debug|Any CPU
		{D0EF41DF-C696-4DC0-B235-43D9C4E2703B}.Release|Any CPU.ActiveCfg = Release|Any CPU
		{D0EF41DF-C696-4DC0-B235-43D9C4E2703B}.Release|Any CPU.Build.0 = Release|Any CPU
		{79B7E01A-01E2-45C7-BB1D-B01FF758A05F}.Debug|Any CPU.ActiveCfg = Debug|Any CPU
		{79B7E01A-01E2-45C7-BB1D-B01FF758A05F}.Debug|Any CPU.Build.0 = Debug|Any CPU
		{79B7E01A-01E2-45C7-BB1D-B01FF758A05F}.Release|Any CPU.ActiveCfg = Release|Any CPU
		{79B7E01A-01E2-45C7-BB1D-B01FF758A05F}.Release|Any CPU.Build.0 = Release|Any CPU
	EndGlobalSection
	GlobalSection(SolutionProperties) = preSolution
		HideSolutionNode = FALSE
	EndGlobalSection
	GlobalSection(ExtensibilityGlobals) = postSolution
		SolutionGuid = {CA994186-38EE-473B-A89F-46A08A911FCB}
	EndGlobalSection
EndGlobal
