
Microsoft Visual Studio Solution File, Format Version 12.00
# Visual Studio Version 16
VisualStudioVersion = 16.0.31911.196
MinimumVisualStudioVersion = 10.0.40219.1
Project("{FAE04EC0-301F-11D3-BF4B-00C04F79EFBC}") = "ProyectoMvcDatosOld", "ProyectoMvcDatosOld\ProyectoMvcDatosOld.csproj", "{9EE53BAD-D3D3-4FB4-B081-E5E2F179289D}"
EndProject
Global
	GlobalSection(SolutionConfigurationPlatforms) = preSolution
		Debug|Any CPU = Debug|Any CPU
		Release|Any CPU = Release|Any CPU
	EndGlobalSection
	GlobalSection(ProjectConfigurationPlatforms) = postSolution
		{9EE53BAD-D3D3-4FB4-B081-E5E2F179289D}.Debug|Any CPU.ActiveCfg = Debug|Any CPU
		{9EE53BAD-D3D3-4FB4-B081-E5E2F179289D}.Debug|Any CPU.Build.0 = Debug|Any CPU
		{9EE53BAD-D3D3-4FB4-B081-E5E2F179289D}.Release|Any CPU.ActiveCfg = Release|Any CPU
		{9EE53BAD-D3D3-4FB4-B081-E5E2F179289D}.Release|Any CPU.Build.0 = Release|Any CPU
	EndGlobalSection
	GlobalSection(SolutionProperties) = preSolution
		HideSolutionNode = FALSE
	EndGlobalSection
	GlobalSection(ExtensibilityGlobals) = postSolution
		SolutionGuid = {173C60F5-ED93-42F9-9424-01D4762D1A9E}
	EndGlobalSection
EndGlobal
