
Microsoft Visual Studio Solution File, Format Version 12.00
# Visual Studio Version 16
VisualStudioVersion = 16.0.31321.278
MinimumVisualStudioVersion = 10.0.40219.1
Project("{FAE04EC0-301F-11D3-BF4B-00C04F79EFBC}") = "ServiceWCFLogicaCoches", "ServiceWCFLogicaCoches\ServiceWCFLogicaCoches.csproj", "{17812AF3-E5E2-4710-AF69-CED471939F8F}"
EndProject
Project("{FAE04EC0-301F-11D3-BF4B-00C04F79EFBC}") = "ServiceWCFHostCoches", "ServiceWCFHostCoches\ServiceWCFHostCoches.csproj", "{6D01B77F-0CAE-410A-8E34-B55616D0F40B}"
EndProject
Global
	GlobalSection(SolutionConfigurationPlatforms) = preSolution
		Debug|Any CPU = Debug|Any CPU
		Release|Any CPU = Release|Any CPU
	EndGlobalSection
	GlobalSection(ProjectConfigurationPlatforms) = postSolution
		{17812AF3-E5E2-4710-AF69-CED471939F8F}.Debug|Any CPU.ActiveCfg = Debug|Any CPU
		{17812AF3-E5E2-4710-AF69-CED471939F8F}.Debug|Any CPU.Build.0 = Debug|Any CPU
		{17812AF3-E5E2-4710-AF69-CED471939F8F}.Release|Any CPU.ActiveCfg = Release|Any CPU
		{17812AF3-E5E2-4710-AF69-CED471939F8F}.Release|Any CPU.Build.0 = Release|Any CPU
		{6D01B77F-0CAE-410A-8E34-B55616D0F40B}.Debug|Any CPU.ActiveCfg = Debug|Any CPU
		{6D01B77F-0CAE-410A-8E34-B55616D0F40B}.Debug|Any CPU.Build.0 = Debug|Any CPU
		{6D01B77F-0CAE-410A-8E34-B55616D0F40B}.Release|Any CPU.ActiveCfg = Release|Any CPU
		{6D01B77F-0CAE-410A-8E34-B55616D0F40B}.Release|Any CPU.Build.0 = Release|Any CPU
	EndGlobalSection
	GlobalSection(SolutionProperties) = preSolution
		HideSolutionNode = FALSE
	EndGlobalSection
	GlobalSection(ExtensibilityGlobals) = postSolution
		SolutionGuid = {120A4BBD-61C6-4C78-A0A4-930AE479FD4B}
	EndGlobalSection
EndGlobal
